
Microsoft Visual Studio Solution File, Format Version 12.00
# Visual Studio Version 16
VisualStudioVersion = 16.6.30114.105
MinimumVisualStudioVersion = 10.0.40219.1
Project("{9A19103F-16F7-4668-BE54-9A1E7A4F7556}") = "WebAPI", "WebAPI\WebAPI.csproj", "{FBCDA1E2-DE63-4E02-8D31-DACC7110A742}"
EndProject
Project("{9A19103F-16F7-4668-BE54-9A1E7A4F7556}") = "DogeWorker", "DogeWorker\DogeWorker.csproj", "{877060BB-E339-44A7-80B4-88A015C3EB0C}"
EndProject
Project("{FAE04EC0-301F-11D3-BF4B-00C04F79EFBC}") = "DogeData", "DogeData\DogeData.csproj", "{A4947875-B2FF-4FD9-AB32-7A8BC062A647}"
EndProject
Global
	GlobalSection(SolutionConfigurationPlatforms) = preSolution
		Debug|Any CPU = Debug|Any CPU
		Debug|x64 = Debug|x64
		Debug|x86 = Debug|x86
		Release|Any CPU = Release|Any CPU
		Release|x64 = Release|x64
		Release|x86 = Release|x86
	EndGlobalSection
	GlobalSection(ProjectConfigurationPlatforms) = postSolution
		{FBCDA1E2-DE63-4E02-8D31-DACC7110A742}.Debug|Any CPU.ActiveCfg = Debug|Any CPU
		{FBCDA1E2-DE63-4E02-8D31-DACC7110A742}.Debug|Any CPU.Build.0 = Debug|Any CPU
		{FBCDA1E2-DE63-4E02-8D31-DACC7110A742}.Debug|x64.ActiveCfg = Debug|Any CPU
		{FBCDA1E2-DE63-4E02-8D31-DACC7110A742}.Debug|x64.Build.0 = Debug|Any CPU
		{FBCDA1E2-DE63-4E02-8D31-DACC7110A742}.Debug|x86.ActiveCfg = Debug|Any CPU
		{FBCDA1E2-DE63-4E02-8D31-DACC7110A742}.Debug|x86.Build.0 = Debug|Any CPU
		{FBCDA1E2-DE63-4E02-8D31-DACC7110A742}.Release|Any CPU.ActiveCfg = Release|Any CPU
		{FBCDA1E2-DE63-4E02-8D31-DACC7110A742}.Release|Any CPU.Build.0 = Release|Any CPU
		{FBCDA1E2-DE63-4E02-8D31-DACC7110A742}.Release|x64.ActiveCfg = Release|Any CPU
		{FBCDA1E2-DE63-4E02-8D31-DACC7110A742}.Release|x64.Build.0 = Release|Any CPU
		{FBCDA1E2-DE63-4E02-8D31-DACC7110A742}.Release|x86.ActiveCfg = Release|Any CPU
		{FBCDA1E2-DE63-4E02-8D31-DACC7110A742}.Release|x86.Build.0 = Release|Any CPU
		{877060BB-E339-44A7-80B4-88A015C3EB0C}.Debug|Any CPU.ActiveCfg = Debug|Any CPU
		{877060BB-E339-44A7-80B4-88A015C3EB0C}.Debug|Any CPU.Build.0 = Debug|Any CPU
		{877060BB-E339-44A7-80B4-88A015C3EB0C}.Debug|x64.ActiveCfg = Debug|Any CPU
		{877060BB-E339-44A7-80B4-88A015C3EB0C}.Debug|x64.Build.0 = Debug|Any CPU
		{877060BB-E339-44A7-80B4-88A015C3EB0C}.Debug|x86.ActiveCfg = Debug|Any CPU
		{877060BB-E339-44A7-80B4-88A015C3EB0C}.Debug|x86.Build.0 = Debug|Any CPU
		{877060BB-E339-44A7-80B4-88A015C3EB0C}.Release|Any CPU.ActiveCfg = Release|Any CPU
		{877060BB-E339-44A7-80B4-88A015C3EB0C}.Release|Any CPU.Build.0 = Release|Any CPU
		{877060BB-E339-44A7-80B4-88A015C3EB0C}.Release|x64.ActiveCfg = Release|Any CPU
		{877060BB-E339-44A7-80B4-88A015C3EB0C}.Release|x64.Build.0 = Release|Any CPU
		{877060BB-E339-44A7-80B4-88A015C3EB0C}.Release|x86.ActiveCfg = Release|Any CPU
		{877060BB-E339-44A7-80B4-88A015C3EB0C}.Release|x86.Build.0 = Release|Any CPU
		{A4947875-B2FF-4FD9-AB32-7A8BC062A647}.Debug|Any CPU.ActiveCfg = Debug|Any CPU
		{A4947875-B2FF-4FD9-AB32-7A8BC062A647}.Debug|Any CPU.Build.0 = Debug|Any CPU
		{A4947875-B2FF-4FD9-AB32-7A8BC062A647}.Debug|x64.ActiveCfg = Debug|Any CPU
		{A4947875-B2FF-4FD9-AB32-7A8BC062A647}.Debug|x64.Build.0 = Debug|Any CPU
		{A4947875-B2FF-4FD9-AB32-7A8BC062A647}.Debug|x86.ActiveCfg = Debug|Any CPU
		{A4947875-B2FF-4FD9-AB32-7A8BC062A647}.Debug|x86.Build.0 = Debug|Any CPU
		{A4947875-B2FF-4FD9-AB32-7A8BC062A647}.Release|Any CPU.ActiveCfg = Release|Any CPU
		{A4947875-B2FF-4FD9-AB32-7A8BC062A647}.Release|Any CPU.Build.0 = Release|Any CPU
		{A4947875-B2FF-4FD9-AB32-7A8BC062A647}.Release|x64.ActiveCfg = Release|Any CPU
		{A4947875-B2FF-4FD9-AB32-7A8BC062A647}.Release|x64.Build.0 = Release|Any CPU
		{A4947875-B2FF-4FD9-AB32-7A8BC062A647}.Release|x86.ActiveCfg = Release|Any CPU
		{A4947875-B2FF-4FD9-AB32-7A8BC062A647}.Release|x86.Build.0 = Release|Any CPU
	EndGlobalSection
	GlobalSection(SolutionProperties) = preSolution
		HideSolutionNode = FALSE
	EndGlobalSection
	GlobalSection(ExtensibilityGlobals) = postSolution
		SolutionGuid = {DE77257B-5DC3-49E9-9987-7A6ACF2EDA4E}
	EndGlobalSection
EndGlobal
